version = 1
revision = 3
requires-python = ">=3.12"

[[package]]
name = "logging"
version = "0.4.9.6"
source = { registry = "https://pypi.org/simple" }
sdist = { url = "https://files.pythonhosted.org/packages/93/4b/979db9e44be09f71e85c9c8cfc42f258adfb7d93ce01deed2788b2948919/logging-0.4.9.6.tar.gz", hash = "sha256:26f6b50773f085042d301085bd1bf5d9f3735704db9f37c1ce6d8b85c38f2417", size = 96029, upload-time = "2013-06-04T23:43:22.086Z" }

[[package]]
name = "mouse"
version = "0.7.1"
source = { registry = "https://pypi.org/simple" }
wheels = [
    { url = "https://files.pythonhosted.org/packages/e5/cc/4a30b48913a3bdaa3f713a160517792f829a1703257fb0869e76f945a760/mouse-0.7.1-py2.py3-none-any.whl", hash = "sha256:d34bb9548890089fcb11988400e26f55c624e6c7b741fff75fedfdfbd37c0016", size = 16170, upload-time = "2020-01-01T16:51:33.438Z" },
]

[[package]]
name = "wobbler"
version = "0.1.0"
source = { virtual = "." }
dependencies = [
    { name = "logging" },
    { name = "mouse" },
]

[package.metadata]
requires-dist = [
    { name = "logging" },
    { name = "mouse" },
]
